
Microsoft Visual Studio Solution File, Format Version 12.00
# Visual Studio Version 16
VisualStudioVersion = 16.0.31424.327
MinimumVisualStudioVersion = 10.0.40219.1
Project("{FAE04EC0-301F-11D3-BF4B-00C04F79EFBC}") = "JenkinsCICDProject", "JenkinsCICDProject.csproj", "{620C4F47-49BD-40A3-97EF-5C8731D80973}"
EndProject
Global
	GlobalSection(SolutionConfigurationPlatforms) = preSolution
		Debug|Any CPU = Debug|Any CPU
		Release|Any CPU = Release|Any CPU
	EndGlobalSection
	GlobalSection(ProjectConfigurationPlatforms) = postSolution
		{620C4F47-49BD-40A3-97EF-5C8731D80973}.Debug|Any CPU.ActiveCfg = Debug|Any CPU
		{620C4F47-49BD-40A3-97EF-5C8731D80973}.Debug|Any CPU.Build.0 = Debug|Any CPU
		{620C4F47-49BD-40A3-97EF-5C8731D80973}.Release|Any CPU.ActiveCfg = Release|Any CPU
		{620C4F47-49BD-40A3-97EF-5C8731D80973}.Release|Any CPU.Build.0 = Release|Any CPU
	EndGlobalSection
	GlobalSection(SolutionProperties) = preSolution
		HideSolutionNode = FALSE
	EndGlobalSection
	GlobalSection(ExtensibilityGlobals) = postSolution
		SolutionGuid = {69B4A83B-2EDE-47AF-99EA-66C54E160D49}
	EndGlobalSection
EndGlobal
